
Microsoft Visual Studio Solution File, Format Version 12.00
# Visual Studio Version 16
VisualStudioVersion = 16.0.30621.155
MinimumVisualStudioVersion = 10.0.40219.1
Project("{FAE04EC0-301F-11D3-BF4B-00C04F79EFBC}") = "NETD3202Lab5_1", "NETD3202Lab5_1.csproj", "{BDAA9DE8-13F7-4A56-9B15-D1993D62326B}"
EndProject
Global
	GlobalSection(SolutionConfigurationPlatforms) = preSolution
		Debug|Any CPU = Debug|Any CPU
		Release|Any CPU = Release|Any CPU
	EndGlobalSection
	GlobalSection(ProjectConfigurationPlatforms) = postSolution
		{BDAA9DE8-13F7-4A56-9B15-D1993D62326B}.Debug|Any CPU.ActiveCfg = Debug|Any CPU
		{BDAA9DE8-13F7-4A56-9B15-D1993D62326B}.Debug|Any CPU.Build.0 = Debug|Any CPU
		{BDAA9DE8-13F7-4A56-9B15-D1993D62326B}.Release|Any CPU.ActiveCfg = Release|Any CPU
		{BDAA9DE8-13F7-4A56-9B15-D1993D62326B}.Release|Any CPU.Build.0 = Release|Any CPU
	EndGlobalSection
	GlobalSection(SolutionProperties) = preSolution
		HideSolutionNode = FALSE
	EndGlobalSection
	GlobalSection(ExtensibilityGlobals) = postSolution
		SolutionGuid = {3559BCB6-6C66-4364-B323-E6308317E9B9}
	EndGlobalSection
EndGlobal
